// !$*UTF8*$!
{
	archiveVersion = 1;
	classes = {
	};
	objectVersion = 46;
	objects = {

/* Begin PBXBuildFile section */
		44F89D0F1D13020A008DD4E3 /* AppDelegate.swift in Sources */ = {isa = PBXBuildFile; fileRef = 44F89D0E1D13020A008DD4E3 /* AppDelegate.swift */; };
		44F89D111D13020A008DD4E3 /* ViewController.swift in Sources */ = {isa = PBXBuildFile; fileRef = 44F89D101D13020A008DD4E3 /* ViewController.swift */; };
		44F89D141D13020A008DD4E3 /* Main.storyboard in Resources */ = {isa = PBXBuildFile; fileRef = 44F89D121D13020A008DD4E3 /* Main.storyboard */; };
		44F89D161D13020A008DD4E3 /* Assets.xcassets in Resources */ = {isa = PBXBuildFile; fileRef = 44F89D151D13020A008DD4E3 /* Assets.xcassets */; };
		44F89D191D13020A008DD4E3 /* LaunchScreen.storyboard in Resources */ = {isa = PBXBuildFile; fileRef = 44F89D171D13020A008DD4E3 /* LaunchScreen.storyboard */; };
/* End PBXBuildFile section */

/* Begin PBXFileReference section */
		44F89D0B1D13020A008DD4E3 /* DoubleRainbow.app */ = {isa = PBXFileReference; explicitFileType = wrapper.application; includeInIndex = 0; path = DoubleRainbow.app; sourceTree = BUILT_PRODUCTS_DIR; };
		44F89D0E1D13020A008DD4E3 /* AppDelegate.swift */ = {isa = PBXFileReference; lastKnownFileType = sourcecode.swift; path = AppDelegate.swift; sourceTree = "<group>"; };
		44F89D101D13020A008DD4E3 /* ViewController.swift */ = {isa = PBXFileReference; lastKnownFileType = sourcecode.swift; path = ViewController.swift; sourceTree = "<group>"; };
		44F89D131D13020A008DD4E3 /* Base */ = {isa = PBXFileReference; lastKnownFileType = file.storyboard; name = Base; path = Base.lproj/Main.storyboard; sourceTree = "<group>"; };
		44F89D151D13020A008DD4E3 /* Assets.xcassets */ = {isa = PBXFileReference; lastKnownFileType = folder.assetcatalog; path = Assets.xcassets; sourceTree = "<group>"; };
		44F89D181D13020A008DD4E3 /* Base */ = {isa = PBXFileReference; lastKnownFileType = file.storyboard; name = Base; path = Base.lproj/LaunchScreen.storyboard; sourceTree = "<group>"; };
		44F89D1A1D13020A008DD4E3 /* Info.plist */ = {isa = PBXFileReference; lastKnownFileType = text.plist.xml; path = Info.plist; sourceTree = "<group>"; };
/* End PBXFileReference section */

/* Begin PBXFrameworksBuildPhase section */
		44F89D081D13020A008DD4E3 /* Frameworks */ = {
			isa = PBXFrameworksBuildPhase;
			buildActionMask = 2147483647;
			files = (
			);
			runOnlyForDeploymentPostprocessing = 0;
		};
/* End PBXFrameworksBuildPhase section */

/* Begin PBXGroup section */
		44F89D021D13020A008DD4E3 = {
			isa = PBXGroup;
			children = (
				44F89D0D1D13020A008DD4E3 /* DoubleRainbow */,
				44F89D0C1D13020A008DD4E3 /* Products */,
			);
			sourceTree = "<group>";
		};
		44F89D0C1D13020A008DD4E3 /* Products */ = {
			isa = PBXGroup;
			children = (
				44F89D0B1D13020A008DD4E3 /* DoubleRainbow.app */,
			);
			name = Products;
			sourceTree = "<group>";
		};
		44F89D0D1D13020A008DD4E3 /* DoubleRainbow */ = {
			isa = PBXGroup;
			children = (
				44F89D0E1D13020A008DD4E3 /* AppDelegate.swift */,
				44F89D101D13020A008DD4E3 /* ViewController.swift */,
				44F89D121D13020A008DD4E3 /* Main.storyboard */,
				44F89D151D13020A008DD4E3 /* Assets.xcassets */,
				44F89D171D13020A008DD4E3 /* LaunchScreen.storyboard */,
				44F89D1A1D13020A008DD4E3 /* Info.plist */,
			);
			path = DoubleRainbow;
			sourceTree = "<group>";
		};
/* End PBXGroup section */

/* Begin PBXNativeTarget section */
		44F89D0A1D13020A008DD4E3 /* DoubleRainbow */ = {
			isa = PBXNativeTarget;
			buildConfigurationList = 44F89D1D1D13020A008DD4E3 /* Build configuration list for PBXNativeTarget "DoubleRainbow" */;
			buildPhases = (
				44F89D071D13020A008DD4E3 /* Sources */,
				44F89D081D13020A008DD4E3 /* Frameworks */,
				44F89D091D13020A008DD4E3 /* Resources */,
			);
			buildRules = (
			);
			dependencies = (
			);
			name = DoubleRainbow;
			productName = DoubleRainbow;
			productReference = 44F89D0B1D13020A008DD4E3 /* DoubleRainbow.app */;
			productType = "com.apple.product-type.application";
		};
/* End PBXNativeTarget section */

/* Begin PBXProject section */
		44F89D031D13020A008DD4E3 /* Project object */ = {
			isa = PBXProject;
			attributes = {
				LastSwiftUpdateCheck = 0730;
				LastUpgradeCheck = 0730;
				ORGANIZATIONNAME = Mohamed;
				TargetAttributes = {
					44F89D0A1D13020A008DD4E3 = {
						CreatedOnToolsVersion = 7.3.1;
					};
				};
			};
			buildConfigurationList = 44F89D061D13020A008DD4E3 /* Build configuration list for PBXProject "DoubleRainbow" */;
			compatibilityVersion = "Xcode 3.2";
			developmentRegion = English;
			hasScannedForEncodings = 0;
			knownRegions = (
				en,
				Base,
			);
			mainGroup = 44F89D021D13020A008DD4E3;
			productRefGroup = 44F89D0C1D13020A008DD4E3 /* Products */;
			projectDirPath = "";
			projectRoot = "";
			targets = (
				44F89D0A1D13020A008DD4E3 /* DoubleRainbow */,
			);
		};
/* End PBXProject section */

/* Begin PBXResourcesBuildPhase section */
		44F89D091D13020A008DD4E3 /* Resources */ = {
			isa = PBXResourcesBuildPhase;
			buildActionMask = 2147483647;
			files = (
				44F89D191D13020A008DD4E3 /* LaunchScreen.storyboard in Resources */,
				44F89D161D13020A008DD4E3 /* Assets.xcassets in Resources */,
				44F89D141D13020A008DD4E3 /* Main.storyboard in Resources */,
			);
			runOnlyForDeploymentPostprocessing = 0;
		};
/* End PBXResourcesBuildPhase section */

/* Begin PBXSourcesBuildPhase section */
		44F89D071D13020A008DD4E3 /* Sources */ = {
			isa = PBXSourcesBuildPhase;
			buildActionMask = 2147483647;
			files = (
				44F89D111D13020A008DD4E3 /* ViewController.swift in Sources */,
				44F89D0F1D13020A008DD4E3 /* AppDelegate.swift in Sources */,
			);
			runOnlyForDeploymentPostprocessing = 0;
		};
/* End PBXSourcesBuildPhase section */

/* Begin PBXVariantGroup section */
		44F89D121D13020A008DD4E3 /* Main.storyboard */ = {
			isa = PBXVariantGroup;
			children = (
				44F89D131D13020A008DD4E3 /* Base */,
			);
			name = Main.storyboard;
			sourceTree = "<group>";
		};
		44F89D171D13020A008DD4E3 /* LaunchScreen.storyboard */ = {
			isa = PBXVariantGroup;
			children = (
				44F89D181D13020A008DD4E3 /* Base */,
			);
			name = LaunchScreen.storyboard;
			sourceTree = "<group>";
		};
/* End PBXVariantGroup section */

/* Begin XCBuildConfiguration section */
		44F89D1B1D13020A008DD4E3 /* Debug */ = {
			isa = XCBuildConfiguration;
			buildSettings = {
				ALWAYS_SEARCH_USER_PATHS = NO;
				CLANG_ANALYZER_NONNULL = YES;
				CLANG_CXX_LANGUAGE_STANDARD = "gnu++0x";
				CLANG_CXX_LIBRARY = "libc++";
				CLANG_ENABLE_MODULES = YES;
				CLANG_ENABLE_OBJC_ARC = YES;
				CLANG_WARN_BOOL_CONVERSION = YES;
				CLANG_WARN_CONSTANT_CONVERSION = YES;
				CLANG_WARN_DIRECT_OBJC_ISA_USAGE = YES_ERROR;
				CLANG_WARN_EMPTY_BODY = YES;
				CLANG_WARN_ENUM_CONVERSION = YES;
				CLANG_WARN_INT_CONVERSION = YES;
				CLANG_WARN_OBJC_ROOT_CLASS = YES_ERROR;
				CLANG_WARN_UNREACHABLE_CODE = YES;
				CLANG_WARN__DUPLICATE_METHOD_MATCH = YES;
				"CODE_SIGN_IDENTITY[sdk=iphoneos*]" = "iPhone Developer";
				COPY_PHASE_STRIP = NO;
				DEBUG_INFORMATION_FORMAT = dwarf;
				ENABLE_STRICT_OBJC_MSGSEND = YES;
				ENABLE_TESTABILITY = YES;
				GCC_C_LANGUAGE_STANDARD = gnu99;
				GCC_DYNAMIC_NO_PIC = NO;
				GCC_NO_COMMON_BLOCKS = YES;
				GCC_OPTIMIZATION_LEVEL = 0;
				GCC_PREPROCESSOR_DEFINITIONS = (
					"DEBUG=1",
					"$(inherited)",
				);
				GCC_WARN_64_TO_32_BIT_CONVERSION = YES;
				GCC_WARN_ABOUT_RETURN_TYPE = YES_ERROR;
				GCC_WARN_UNDECLARED_SELECTOR = YES;
				GCC_WARN_UNINITIALIZED_AUTOS = YES_AGGRESSIVE;
				GCC_WARN_UNUSED_FUNCTION = YES;
				GCC_WARN_UNUSED_VARIABLE = YES;
				IPHONEOS_DEPLOYMENT_TARGET = 9.3;
				MTL_ENABLE_DEBUG_INFO = YES;
				ONLY_ACTIVE_ARCH = YES;
				SDKROOT = iphoneos;
				SWIFT_OPTIMIZATION_LEVEL = "-Onone";
				TARGETED_DEVICE_FAMILY = "1,2";
			};
			name = Debug;
		};
		44F89D1C1D13020A008DD4E3 /* Release */ = {
			isa = XCBuildConfiguration;
			buildSettings = {
				ALWAYS_SEARCH_USER_PATHS = NO;
				CLANG_ANALYZER_NONNULL = YES;
				CLANG_CXX_LANGUAGE_STANDARD = "gnu++0x";
				CLANG_CXX_LIBRARY = "libc++";
				CLANG_ENABLE_MODULES = YES;
				CLANG_ENABLE_OBJC_ARC = YES;
				CLANG_WARN_BOOL_CONVERSION = YES;
				CLANG_WARN_CONSTANT_CONVERSION = YES;
				CLANG_WARN_DIRECT_OBJC_ISA_USAGE = YES_ERROR;
				CLANG_WARN_EMPTY_BODY = YES;
				CLANG_WARN_ENUM_CONVERSION = YES;
				CLANG_WARN_INT_CONVERSION = YES;
				CLANG_WARN_OBJC_ROOT_CLASS = YES_ERROR;
				CLANG_WARN_UNREACHABLE_CODE = YES;
				CLANG_WARN__DUPLICATE_METHOD_MATCH = YES;
				"CODE_SIGN_IDENTITY[sdk=iphoneos*]" = "iPhone Developer";
				COPY_PHASE_STRIP = NO;
				DEBUG_INFORMATION_FORMAT = "dwarf-with-dsym";
				ENABLE_NS_ASSERTIONS = NO;
				ENABLE_STRICT_OBJC_MSGSEND = YES;
				GCC_C_LANGUAGE_STANDARD = gnu99;
				GCC_NO_COMMON_BLOCKS = YES;
				GCC_WARN_64_TO_32_BIT_CONVERSION = YES;
				GCC_WARN_ABOUT_RETURN_TYPE = YES_ERROR;
				GCC_WARN_UNDECLARED_SELECTOR = YES;
				GCC_WARN_UNINITIALIZED_AUTOS = YES_AGGRESSIVE;
				GCC_WARN_UNUSED_FUNCTION = YES;
				GCC_WARN_UNUSED_VARIABLE = YES;
				IPHONEOS_DEPLOYMENT_TARGET = 9.3;
				MTL_ENABLE_DEBUG_INFO = NO;
				SDKROOT = iphoneos;
				TARGETED_DEVICE_FAMILY = "1,2";
				VALIDATE_PRODUCT = YES;
			};
			name = Release;
		};
		44F89D1E1D13020A008DD4E3 /* Debug */ = {
			isa = XCBuildConfiguration;
			buildSettings = {
				ASSETCATALOG_COMPILER_APPICON_NAME = AppIcon;
				INFOPLIST_FILE = DoubleRainbow/Info.plist;
				LD_RUNPATH_SEARCH_PATHS = "$(inherited) @executable_path/Frameworks";
				PRODUCT_BUNDLE_IDENTIFIER = com.ayadios.DoubleRainbow;
				PRODUCT_NAME = "$(TARGET_NAME)";
			};
			name = Debug;
		};
		44F89D1F1D13020A008DD4E3 /* Release */ = {
			isa = XCBuildConfiguration;
			buildSettings = {
				ASSETCATALOG_COMPILER_APPICON_NAME = AppIcon;
				INFOPLIST_FILE = DoubleRainbow/Info.plist;
				LD_RUNPATH_SEARCH_PATHS = "$(inherited) @executable_path/Frameworks";
				PRODUCT_BUNDLE_IDENTIFIER = com.ayadios.DoubleRainbow;
				PRODUCT_NAME = "$(TARGET_NAME)";
			};
			name = Release;
		};
/* End XCBuildConfiguration section */

/* Begin XCConfigurationList section */
		44F89D061D13020A008DD4E3 /* Build configuration list for PBXProject "DoubleRainbow" */ = {
			isa = XCConfigurationList;
			buildConfigurations = (
				44F89D1B1D13020A008DD4E3 /* Debug */,
				44F89D1C1D13020A008DD4E3 /* Release */,
			);
			defaultConfigurationIsVisible = 0;
			defaultConfigurationName = Release;
		};
		44F89D1D1D13020A008DD4E3 /* Build configuration list for PBXNativeTarget "DoubleRainbow" */ = {
			isa = XCConfigurationList;
			buildConfigurations = (
				44F89D1E1D13020A008DD4E3 /* Debug */,
				44F89D1F1D13020A008DD4E3 /* Release */,
			);
			defaultConfigurationIsVisible = 0;
		};
/* End XCConfigurationList section */
	};
	rootObject = 44F89D031D13020A008DD4E3 /* Project object */;
}
